
Microsoft Visual Studio Solution File, Format Version 12.00
# Visual Studio Version 16
VisualStudioVersion = 16.0.30002.166
MinimumVisualStudioVersion = 10.0.40219.1
Project("{FAE04EC0-301F-11D3-BF4B-00C04F79EFBC}") = "FontAwesome.UWP", "FontAwesome.UWP\FontAwesome.UWP.csproj", "{F03AF2DF-7B70-498E-B46E-78EA72590396}"
EndProject
Project("{FAE04EC0-301F-11D3-BF4B-00C04F79EFBC}") = "FontAwesome.Android", "FontAwesome.Android\FontAwesome.Android.csproj", "{27EB65C4-D333-47E0-9340-AF0B6B4D44EA}"
EndProject
Project("{FAE04EC0-301F-11D3-BF4B-00C04F79EFBC}") = "FontAwesome.iOS", "FontAwesome.iOS\FontAwesome.iOS.csproj", "{CF99FAE2-F9A2-4DE8-BBDA-BD3788122AD6}"
EndProject
Project("{FAE04EC0-301F-11D3-BF4B-00C04F79EFBC}") = "FontAwesome", "FontAwesome\FontAwesome.csproj", "{39D53BBF-6CD8-421B-B5DC-744979895A8F}"
EndProject
Global
	GlobalSection(SolutionConfigurationPlatforms) = preSolution
		Debug|Any CPU = Debug|Any CPU
		Debug|ARM = Debug|ARM
		Debug|iPhone = Debug|iPhone
		Debug|iPhoneSimulator = Debug|iPhoneSimulator
		Debug|x64 = Debug|x64
		Debug|x86 = Debug|x86
		Release|Any CPU = Release|Any CPU
		Release|ARM = Release|ARM
		Release|iPhone = Release|iPhone
		Release|iPhoneSimulator = Release|iPhoneSimulator
		Release|x64 = Release|x64
		Release|x86 = Release|x86
	EndGlobalSection
	GlobalSection(ProjectConfigurationPlatforms) = postSolution
		{F03AF2DF-7B70-498E-B46E-78EA72590396}.Debug|Any CPU.ActiveCfg = Debug|x86
		{F03AF2DF-7B70-498E-B46E-78EA72590396}.Debug|Any CPU.Build.0 = Debug|x86
		{F03AF2DF-7B70-498E-B46E-78EA72590396}.Debug|Any CPU.Deploy.0 = Debug|x86
		{F03AF2DF-7B70-498E-B46E-78EA72590396}.Debug|ARM.ActiveCfg = Debug|ARM
		{F03AF2DF-7B70-498E-B46E-78EA72590396}.Debug|ARM.Build.0 = Debug|ARM
		{F03AF2DF-7B70-498E-B46E-78EA72590396}.Debug|ARM.Deploy.0 = Debug|ARM
		{F03AF2DF-7B70-498E-B46E-78EA72590396}.Debug|iPhone.ActiveCfg = Debug|x86
		{F03AF2DF-7B70-498E-B46E-78EA72590396}.Debug|iPhone.Build.0 = Debug|x86
		{F03AF2DF-7B70-498E-B46E-78EA72590396}.Debug|iPhone.Deploy.0 = Debug|x86
		{F03AF2DF-7B70-498E-B46E-78EA72590396}.Debug|iPhoneSimulator.ActiveCfg = Debug|x86
		{F03AF2DF-7B70-498E-B46E-78EA72590396}.Debug|iPhoneSimulator.Build.0 = Debug|x86
		{F03AF2DF-7B70-498E-B46E-78EA72590396}.Debug|iPhoneSimulator.Deploy.0 = Debug|x86
		{F03AF2DF-7B70-498E-B46E-78EA72590396}.Debug|x64.ActiveCfg = Debug|x64
		{F03AF2DF-7B70-498E-B46E-78EA72590396}.Debug|x64.Build.0 = Debug|x64
		{F03AF2DF-7B70-498E-B46E-78EA72590396}.Debug|x64.Deploy.0 = Debug|x64
		{F03AF2DF-7B70-498E-B46E-78EA72590396}.Debug|x86.ActiveCfg = Debug|x86
		{F03AF2DF-7B70-498E-B46E-78EA72590396}.Debug|x86.Build.0 = Debug|x86
		{F03AF2DF-7B70-498E-B46E-78EA72590396}.Debug|x86.Deploy.0 = Debug|x86
		{F03AF2DF-7B70-498E-B46E-78EA72590396}.Release|Any CPU.ActiveCfg = Release|x86
		{F03AF2DF-7B70-498E-B46E-78EA72590396}.Release|Any CPU.Build.0 = Release|x86
		{F03AF2DF-7B70-498E-B46E-78EA72590396}.Release|Any CPU.Deploy.0 = Release|x86
		{F03AF2DF-7B70-498E-B46E-78EA72590396}.Release|ARM.ActiveCfg = Release|ARM
		{F03AF2DF-7B70-498E-B46E-78EA72590396}.Release|ARM.Build.0 = Release|ARM
		{F03AF2DF-7B70-498E-B46E-78EA72590396}.Release|ARM.Deploy.0 = Release|ARM
		{F03AF2DF-7B70-498E-B46E-78EA72590396}.Release|iPhone.ActiveCfg = Release|x86
		{F03AF2DF-7B70-498E-B46E-78EA72590396}.Release|iPhone.Build.0 = Release|x86
		{F03AF2DF-7B70-498E-B46E-78EA72590396}.Release|iPhone.Deploy.0 = Release|x86
		{F03AF2DF-7B70-498E-B46E-78EA72590396}.Release|iPhoneSimulator.ActiveCfg = Release|x86
		{F03AF2DF-7B70-498E-B46E-78EA72590396}.Release|iPhoneSimulator.Build.0 = Release|x86
		{F03AF2DF-7B70-498E-B46E-78EA72590396}.Release|iPhoneSimulator.Deploy.0 = Release|x86
		{F03AF2DF-7B70-498E-B46E-78EA72590396}.Release|x64.ActiveCfg = Release|x64
		{F03AF2DF-7B70-498E-B46E-78EA72590396}.Release|x64.Build.0 = Release|x64
		{F03AF2DF-7B70-498E-B46E-78EA72590396}.Release|x64.Deploy.0 = Release|x64
		{F03AF2DF-7B70-498E-B46E-78EA72590396}.Release|x86.ActiveCfg = Release|x86
		{F03AF2DF-7B70-498E-B46E-78EA72590396}.Release|x86.Build.0 = Release|x86
		{F03AF2DF-7B70-498E-B46E-78EA72590396}.Release|x86.Deploy.0 = Release|x86
		{27EB65C4-D333-47E0-9340-AF0B6B4D44EA}.Debug|Any CPU.ActiveCfg = Debug|Any CPU
		{27EB65C4-D333-47E0-9340-AF0B6B4D44EA}.Debug|Any CPU.Build.0 = Debug|Any CPU
		{27EB65C4-D333-47E0-9340-AF0B6B4D44EA}.Debug|Any CPU.Deploy.0 = Debug|Any CPU
		{27EB65C4-D333-47E0-9340-AF0B6B4D44EA}.Debug|ARM.ActiveCfg = Debug|Any CPU
		{27EB65C4-D333-47E0-9340-AF0B6B4D44EA}.Debug|ARM.Build.0 = Debug|Any CPU
		{27EB65C4-D333-47E0-9340-AF0B6B4D44EA}.Debug|ARM.Deploy.0 = Debug|Any CPU
		{27EB65C4-D333-47E0-9340-AF0B6B4D44EA}.Debug|iPhone.ActiveCfg = Debug|Any CPU
		{27EB65C4-D333-47E0-9340-AF0B6B4D44EA}.Debug|iPhone.Build.0 = Debug|Any CPU
		{27EB65C4-D333-47E0-9340-AF0B6B4D44EA}.Debug|iPhone.Deploy.0 = Debug|Any CPU
		{27EB65C4-D333-47E0-9340-AF0B6B4D44EA}.Debug|iPhoneSimulator.ActiveCfg = Debug|Any CPU
		{27EB65C4-D333-47E0-9340-AF0B6B4D44EA}.Debug|iPhoneSimulator.Build.0 = Debug|Any CPU
		{27EB65C4-D333-47E0-9340-AF0B6B4D44EA}.Debug|iPhoneSimulator.Deploy.0 = Debug|Any CPU
		{27EB65C4-D333-47E0-9340-AF0B6B4D44EA}.Debug|x64.ActiveCfg = Debug|Any CPU
		{27EB65C4-D333-47E0-9340-AF0B6B4D44EA}.Debug|x64.Build.0 = Debug|Any CPU
		{27EB65C4-D333-47E0-9340-AF0B6B4D44EA}.Debug|x64.Deploy.0 = Debug|Any CPU
		{27EB65C4-D333-47E0-9340-AF0B6B4D44EA}.Debug|x86.ActiveCfg = Debug|Any CPU
		{27EB65C4-D333-47E0-9340-AF0B6B4D44EA}.Debug|x86.Build.0 = Debug|Any CPU
		{27EB65C4-D333-47E0-9340-AF0B6B4D44EA}.Debug|x86.Deploy.0 = Debug|Any CPU
		{27EB65C4-D333-47E0-9340-AF0B6B4D44EA}.Release|Any CPU.ActiveCfg = Release|Any CPU
		{27EB65C4-D333-47E0-9340-AF0B6B4D44EA}.Release|Any CPU.Build.0 = Release|Any CPU
		{27EB65C4-D333-47E0-9340-AF0B6B4D44EA}.Release|Any CPU.Deploy.0 = Release|Any CPU
		{27EB65C4-D333-47E0-9340-AF0B6B4D44EA}.Release|ARM.ActiveCfg = Release|Any CPU
		{27EB65C4-D333-47E0-9340-AF0B6B4D44EA}.Release|ARM.Build.0 = Release|Any CPU
		{27EB65C4-D333-47E0-9340-AF0B6B4D44EA}.Release|ARM.Deploy.0 = Release|Any CPU
		{27EB65C4-D333-47E0-9340-AF0B6B4D44EA}.Release|iPhone.ActiveCfg = Release|Any CPU
		{27EB65C4-D333-47E0-9340-AF0B6B4D44EA}.Release|iPhone.Build.0 = Release|Any CPU
		{27EB65C4-D333-47E0-9340-AF0B6B4D44EA}.Release|iPhone.Deploy.0 = Release|Any CPU
		{27EB65C4-D333-47E0-9340-AF0B6B4D44EA}.Release|iPhoneSimulator.ActiveCfg = Release|Any CPU
		{27EB65C4-D333-47E0-9340-AF0B6B4D44EA}.Release|iPhoneSimulator.Build.0 = Release|Any CPU
		{27EB65C4-D333-47E0-9340-AF0B6B4D44EA}.Release|iPhoneSimulator.Deploy.0 = Release|Any CPU
		{27EB65C4-D333-47E0-9340-AF0B6B4D44EA}.Release|x64.ActiveCfg = Release|Any CPU
		{27EB65C4-D333-47E0-9340-AF0B6B4D44EA}.Release|x64.Build.0 = Release|Any CPU
		{27EB65C4-D333-47E0-9340-AF0B6B4D44EA}.Release|x64.Deploy.0 = Release|Any CPU
		{27EB65C4-D333-47E0-9340-AF0B6B4D44EA}.Release|x86.ActiveCfg = Release|Any CPU
		{27EB65C4-D333-47E0-9340-AF0B6B4D44EA}.Release|x86.Build.0 = Release|Any CPU
		{27EB65C4-D333-47E0-9340-AF0B6B4D44EA}.Release|x86.Deploy.0 = Release|Any CPU
		{CF99FAE2-F9A2-4DE8-BBDA-BD3788122AD6}.Debug|Any CPU.ActiveCfg = Debug|iPhone
		{CF99FAE2-F9A2-4DE8-BBDA-BD3788122AD6}.Debug|Any CPU.Build.0 = Debug|iPhone
		{CF99FAE2-F9A2-4DE8-BBDA-BD3788122AD6}.Debug|Any CPU.Deploy.0 = Debug|iPhone
		{CF99FAE2-F9A2-4DE8-BBDA-BD3788122AD6}.Debug|ARM.ActiveCfg = Debug|iPhone
		{CF99FAE2-F9A2-4DE8-BBDA-BD3788122AD6}.Debug|ARM.Build.0 = Debug|iPhone
		{CF99FAE2-F9A2-4DE8-BBDA-BD3788122AD6}.Debug|ARM.Deploy.0 = Debug|iPhone
		{CF99FAE2-F9A2-4DE8-BBDA-BD3788122AD6}.Debug|iPhone.ActiveCfg = Debug|iPhone
		{CF99FAE2-F9A2-4DE8-BBDA-BD3788122AD6}.Debug|iPhone.Build.0 = Debug|iPhone
		{CF99FAE2-F9A2-4DE8-BBDA-BD3788122AD6}.Debug|iPhone.Deploy.0 = Debug|iPhone
		{CF99FAE2-F9A2-4DE8-BBDA-BD3788122AD6}.Debug|iPhoneSimulator.ActiveCfg = Debug|iPhoneSimulator
		{CF99FAE2-F9A2-4DE8-BBDA-BD3788122AD6}.Debug|iPhoneSimulator.Build.0 = Debug|iPhoneSimulator
		{CF99FAE2-F9A2-4DE8-BBDA-BD3788122AD6}.Debug|iPhoneSimulator.Deploy.0 = Debug|iPhoneSimulator
		{CF99FAE2-F9A2-4DE8-BBDA-BD3788122AD6}.Debug|x64.ActiveCfg = Debug|iPhone
		{CF99FAE2-F9A2-4DE8-BBDA-BD3788122AD6}.Debug|x64.Build.0 = Debug|iPhone
		{CF99FAE2-F9A2-4DE8-BBDA-BD3788122AD6}.Debug|x64.Deploy.0 = Debug|iPhone
		{CF99FAE2-F9A2-4DE8-BBDA-BD3788122AD6}.Debug|x86.ActiveCfg = Debug|iPhone
		{CF99FAE2-F9A2-4DE8-BBDA-BD3788122AD6}.Debug|x86.Build.0 = Debug|iPhone
		{CF99FAE2-F9A2-4DE8-BBDA-BD3788122AD6}.Debug|x86.Deploy.0 = Debug|iPhone
		{CF99FAE2-F9A2-4DE8-BBDA-BD3788122AD6}.Release|Any CPU.ActiveCfg = Release|iPhone
		{CF99FAE2-F9A2-4DE8-BBDA-BD3788122AD6}.Release|Any CPU.Build.0 = Release|iPhone
		{CF99FAE2-F9A2-4DE8-BBDA-BD3788122AD6}.Release|Any CPU.Deploy.0 = Release|iPhone
		{CF99FAE2-F9A2-4DE8-BBDA-BD3788122AD6}.Release|ARM.ActiveCfg = Release|iPhone
		{CF99FAE2-F9A2-4DE8-BBDA-BD3788122AD6}.Release|ARM.Build.0 = Release|iPhone
		{CF99FAE2-F9A2-4DE8-BBDA-BD3788122AD6}.Release|ARM.Deploy.0 = Release|iPhone
		{CF99FAE2-F9A2-4DE8-BBDA-BD3788122AD6}.Release|iPhone.ActiveCfg = Release|iPhone
		{CF99FAE2-F9A2-4DE8-BBDA-BD3788122AD6}.Release|iPhone.Build.0 = Release|iPhone
		{CF99FAE2-F9A2-4DE8-BBDA-BD3788122AD6}.Release|iPhone.Deploy.0 = Release|iPhone
		{CF99FAE2-F9A2-4DE8-BBDA-BD3788122AD6}.Release|iPhoneSimulator.ActiveCfg = Release|iPhoneSimulator
		{CF99FAE2-F9A2-4DE8-BBDA-BD3788122AD6}.Release|iPhoneSimulator.Build.0 = Release|iPhoneSimulator
		{CF99FAE2-F9A2-4DE8-BBDA-BD3788122AD6}.Release|iPhoneSimulator.Deploy.0 = Release|iPhoneSimulator
		{CF99FAE2-F9A2-4DE8-BBDA-BD3788122AD6}.Release|x64.ActiveCfg = Release|iPhone
		{CF99FAE2-F9A2-4DE8-BBDA-BD3788122AD6}.Release|x64.Build.0 = Release|iPhone
		{CF99FAE2-F9A2-4DE8-BBDA-BD3788122AD6}.Release|x64.Deploy.0 = Release|iPhone
		{CF99FAE2-F9A2-4DE8-BBDA-BD3788122AD6}.Release|x86.ActiveCfg = Release|iPhone
		{CF99FAE2-F9A2-4DE8-BBDA-BD3788122AD6}.Release|x86.Build.0 = Release|iPhone
		{CF99FAE2-F9A2-4DE8-BBDA-BD3788122AD6}.Release|x86.Deploy.0 = Release|iPhone
		{39D53BBF-6CD8-421B-B5DC-744979895A8F}.Debug|Any CPU.ActiveCfg = Debug|Any CPU
		{39D53BBF-6CD8-421B-B5DC-744979895A8F}.Debug|Any CPU.Build.0 = Debug|Any CPU
		{39D53BBF-6CD8-421B-B5DC-744979895A8F}.Debug|Any CPU.Deploy.0 = Debug|Any CPU
		{39D53BBF-6CD8-421B-B5DC-744979895A8F}.Debug|ARM.ActiveCfg = Debug|Any CPU
		{39D53BBF-6CD8-421B-B5DC-744979895A8F}.Debug|ARM.Build.0 = Debug|Any CPU
		{39D53BBF-6CD8-421B-B5DC-744979895A8F}.Debug|ARM.Deploy.0 = Debug|Any CPU
		{39D53BBF-6CD8-421B-B5DC-744979895A8F}.Debug|iPhone.ActiveCfg = Debug|Any CPU
		{39D53BBF-6CD8-421B-B5DC-744979895A8F}.Debug|iPhone.Build.0 = Debug|Any CPU
		{39D53BBF-6CD8-421B-B5DC-744979895A8F}.Debug|iPhone.Deploy.0 = Debug|Any CPU
		{39D53BBF-6CD8-421B-B5DC-744979895A8F}.Debug|iPhoneSimulator.ActiveCfg = Debug|Any CPU
		{39D53BBF-6CD8-421B-B5DC-744979895A8F}.Debug|iPhoneSimulator.Build.0 = Debug|Any CPU
		{39D53BBF-6CD8-421B-B5DC-744979895A8F}.Debug|iPhoneSimulator.Deploy.0 = Debug|Any CPU
		{39D53BBF-6CD8-421B-B5DC-744979895A8F}.Debug|x64.ActiveCfg = Debug|Any CPU
		{39D53BBF-6CD8-421B-B5DC-744979895A8F}.Debug|x64.Build.0 = Debug|Any CPU
		{39D53BBF-6CD8-421B-B5DC-744979895A8F}.Debug|x64.Deploy.0 = Debug|Any CPU
		{39D53BBF-6CD8-421B-B5DC-744979895A8F}.Debug|x86.ActiveCfg = Debug|Any CPU
		{39D53BBF-6CD8-421B-B5DC-744979895A8F}.Debug|x86.Build.0 = Debug|Any CPU
		{39D53BBF-6CD8-421B-B5DC-744979895A8F}.Debug|x86.Deploy.0 = Debug|Any CPU
		{39D53BBF-6CD8-421B-B5DC-744979895A8F}.Release|Any CPU.ActiveCfg = Release|Any CPU
		{39D53BBF-6CD8-421B-B5DC-744979895A8F}.Release|Any CPU.Build.0 = Release|Any CPU
		{39D53BBF-6CD8-421B-B5DC-744979895A8F}.Release|Any CPU.Deploy.0 = Release|Any CPU
		{39D53BBF-6CD8-421B-B5DC-744979895A8F}.Release|ARM.ActiveCfg = Release|Any CPU
		{39D53BBF-6CD8-421B-B5DC-744979895A8F}.Release|ARM.Build.0 = Release|Any CPU
		{39D53BBF-6CD8-421B-B5DC-744979895A8F}.Release|ARM.Deploy.0 = Release|Any CPU
		{39D53BBF-6CD8-421B-B5DC-744979895A8F}.Release|iPhone.ActiveCfg = Release|Any CPU
		{39D53BBF-6CD8-421B-B5DC-744979895A8F}.Release|iPhone.Build.0 = Release|Any CPU
		{39D53BBF-6CD8-421B-B5DC-744979895A8F}.Release|iPhone.Deploy.0 = Release|Any CPU
		{39D53BBF-6CD8-421B-B5DC-744979895A8F}.Release|iPhoneSimulator.ActiveCfg = Release|Any CPU
		{39D53BBF-6CD8-421B-B5DC-744979895A8F}.Release|iPhoneSimulator.Build.0 = Release|Any CPU
		{39D53BBF-6CD8-421B-B5DC-744979895A8F}.Release|iPhoneSimulator.Deploy.0 = Release|Any CPU
		{39D53BBF-6CD8-421B-B5DC-744979895A8F}.Release|x64.ActiveCfg = Release|Any CPU
		{39D53BBF-6CD8-421B-B5DC-744979895A8F}.Release|x64.Build.0 = Release|Any CPU
		{39D53BBF-6CD8-421B-B5DC-744979895A8F}.Release|x64.Deploy.0 = Release|Any CPU
		{39D53BBF-6CD8-421B-B5DC-744979895A8F}.Release|x86.ActiveCfg = Release|Any CPU
		{39D53BBF-6CD8-421B-B5DC-744979895A8F}.Release|x86.Build.0 = Release|Any CPU
		{39D53BBF-6CD8-421B-B5DC-744979895A8F}.Release|x86.Deploy.0 = Release|Any CPU
	EndGlobalSection
	GlobalSection(SolutionProperties) = preSolution
		HideSolutionNode = FALSE
	EndGlobalSection
	GlobalSection(ExtensibilityGlobals) = postSolution
		SolutionGuid = {E394CA44-5706-4F71-8F09-6E241068F521}
	EndGlobalSection
EndGlobal
